
Microsoft Visual Studio Solution File, Format Version 12.00
# Visual Studio Version 17
VisualStudioVersion = 17.10.35013.160
MinimumVisualStudioVersion = 10.0.40219.1
Project("{FAE04EC0-301F-11D3-BF4B-00C04F79EFBC}") = "DIS", "DIS\DIS.csproj", "{84EEDF98-FF34-4217-B679-0D1DF7FE4E9D}"
EndProject
Global
	GlobalSection(SolutionConfigurationPlatforms) = preSolution
		Debug|Any CPU = Debug|Any CPU
		Release|Any CPU = Release|Any CPU
	EndGlobalSection
	GlobalSection(ProjectConfigurationPlatforms) = postSolution
		{84EEDF98-FF34-4217-B679-0D1DF7FE4E9D}.Debug|Any CPU.ActiveCfg = Debug|Any CPU
		{84EEDF98-FF34-4217-B679-0D1DF7FE4E9D}.Debug|Any CPU.Build.0 = Debug|Any CPU
		{84EEDF98-FF34-4217-B679-0D1DF7FE4E9D}.Release|Any CPU.ActiveCfg = Release|Any CPU
		{84EEDF98-FF34-4217-B679-0D1DF7FE4E9D}.Release|Any CPU.Build.0 = Release|Any CPU
	EndGlobalSection
	GlobalSection(SolutionProperties) = preSolution
		HideSolutionNode = FALSE
	EndGlobalSection
	GlobalSection(ExtensibilityGlobals) = postSolution
		SolutionGuid = {764D4DD2-59D9-432C-90C1-4E2CF7A45162}
	EndGlobalSection
EndGlobal
